
Microsoft Visual Studio Solution File, Format Version 11.00
# Visual Studio 2010
Project("{FAE04EC0-301F-11D3-BF4B-00C04F79EFBC}") = "GameStore.Domain", "GameStore.Domain\GameStore.Domain.csproj", "{E13D874A-AFD3-4E89-8081-230EE9D4098E}"
EndProject
Project("{FAE04EC0-301F-11D3-BF4B-00C04F79EFBC}") = "GameStore.WebUI", "GameStore.WebUI\GameStore.WebUI.csproj", "{54F8D75D-2D16-4100-90F1-7BA98CB8B429}"
EndProject
Project("{FAE04EC0-301F-11D3-BF4B-00C04F79EFBC}") = "GameStore.UnitTests", "GameStore.UnitTests\GameStore.UnitTests.csproj", "{CB9CEB28-10C3-4DA2-ADF8-05AC21760A5E}"
EndProject
Project("{2150E333-8FDC-42A3-9474-1A3956D46DE8}") = "Solution Items", "Solution Items", "{9B6ADE9A-CC7B-4328-8903-B1619DFD90A1}"
	ProjectSection(SolutionItems) = preProject
		GameStore.vsmdi = GameStore.vsmdi
		Local.testsettings = Local.testsettings
		TraceAndTestImpact.testsettings = TraceAndTestImpact.testsettings
	EndProjectSection
EndProject
Global
	GlobalSection(TestCaseManagementSettings) = postSolution
		CategoryFile = GameStore.vsmdi
	EndGlobalSection
	GlobalSection(SolutionConfigurationPlatforms) = preSolution
		Debug|Any CPU = Debug|Any CPU
		Debug|Mixed Platforms = Debug|Mixed Platforms
		Debug|x86 = Debug|x86
		Release|Any CPU = Release|Any CPU
		Release|Mixed Platforms = Release|Mixed Platforms
		Release|x86 = Release|x86
	EndGlobalSection
	GlobalSection(ProjectConfigurationPlatforms) = postSolution
		{E13D874A-AFD3-4E89-8081-230EE9D4098E}.Debug|Any CPU.ActiveCfg = Debug|Any CPU
		{E13D874A-AFD3-4E89-8081-230EE9D4098E}.Debug|Any CPU.Build.0 = Debug|Any CPU
		{E13D874A-AFD3-4E89-8081-230EE9D4098E}.Debug|Mixed Platforms.ActiveCfg = Debug|Any CPU
		{E13D874A-AFD3-4E89-8081-230EE9D4098E}.Debug|Mixed Platforms.Build.0 = Debug|Any CPU
		{E13D874A-AFD3-4E89-8081-230EE9D4098E}.Debug|x86.ActiveCfg = Debug|Any CPU
		{E13D874A-AFD3-4E89-8081-230EE9D4098E}.Release|Any CPU.ActiveCfg = Release|Any CPU
		{E13D874A-AFD3-4E89-8081-230EE9D4098E}.Release|Any CPU.Build.0 = Release|Any CPU
		{E13D874A-AFD3-4E89-8081-230EE9D4098E}.Release|Mixed Platforms.ActiveCfg = Release|Any CPU
		{E13D874A-AFD3-4E89-8081-230EE9D4098E}.Release|Mixed Platforms.Build.0 = Release|Any CPU
		{E13D874A-AFD3-4E89-8081-230EE9D4098E}.Release|x86.ActiveCfg = Release|Any CPU
		{54F8D75D-2D16-4100-90F1-7BA98CB8B429}.Debug|Any CPU.ActiveCfg = Debug|Any CPU
		{54F8D75D-2D16-4100-90F1-7BA98CB8B429}.Debug|Any CPU.Build.0 = Debug|Any CPU
		{54F8D75D-2D16-4100-90F1-7BA98CB8B429}.Debug|Mixed Platforms.ActiveCfg = Debug|Any CPU
		{54F8D75D-2D16-4100-90F1-7BA98CB8B429}.Debug|Mixed Platforms.Build.0 = Debug|Any CPU
		{54F8D75D-2D16-4100-90F1-7BA98CB8B429}.Debug|x86.ActiveCfg = Debug|Any CPU
		{54F8D75D-2D16-4100-90F1-7BA98CB8B429}.Release|Any CPU.ActiveCfg = Release|Any CPU
		{54F8D75D-2D16-4100-90F1-7BA98CB8B429}.Release|Any CPU.Build.0 = Release|Any CPU
		{54F8D75D-2D16-4100-90F1-7BA98CB8B429}.Release|Mixed Platforms.ActiveCfg = Release|Any CPU
		{54F8D75D-2D16-4100-90F1-7BA98CB8B429}.Release|Mixed Platforms.Build.0 = Release|Any CPU
		{54F8D75D-2D16-4100-90F1-7BA98CB8B429}.Release|x86.ActiveCfg = Release|Any CPU
		{CB9CEB28-10C3-4DA2-ADF8-05AC21760A5E}.Debug|Any CPU.ActiveCfg = Debug|Any CPU
		{CB9CEB28-10C3-4DA2-ADF8-05AC21760A5E}.Debug|Any CPU.Build.0 = Debug|Any CPU
		{CB9CEB28-10C3-4DA2-ADF8-05AC21760A5E}.Debug|Mixed Platforms.ActiveCfg = Debug|Any CPU
		{CB9CEB28-10C3-4DA2-ADF8-05AC21760A5E}.Debug|Mixed Platforms.Build.0 = Debug|Any CPU
		{CB9CEB28-10C3-4DA2-ADF8-05AC21760A5E}.Debug|x86.ActiveCfg = Debug|Any CPU
		{CB9CEB28-10C3-4DA2-ADF8-05AC21760A5E}.Release|Any CPU.ActiveCfg = Release|Any CPU
		{CB9CEB28-10C3-4DA2-ADF8-05AC21760A5E}.Release|Any CPU.Build.0 = Release|Any CPU
		{CB9CEB28-10C3-4DA2-ADF8-05AC21760A5E}.Release|Mixed Platforms.ActiveCfg = Release|Any CPU
		{CB9CEB28-10C3-4DA2-ADF8-05AC21760A5E}.Release|Mixed Platforms.Build.0 = Release|Any CPU
		{CB9CEB28-10C3-4DA2-ADF8-05AC21760A5E}.Release|x86.ActiveCfg = Release|Any CPU
	EndGlobalSection
	GlobalSection(SolutionProperties) = preSolution
		HideSolutionNode = FALSE
	EndGlobalSection
EndGlobal
